
Microsoft Visual Studio Solution File, Format Version 12.00
# Visual Studio Version 17
VisualStudioVersion = 17.5.33627.172
MinimumVisualStudioVersion = 10.0.40219.1
Project("{9A19103F-16F7-4668-BE54-9A1E7A4F7556}") = "AppUpdater.Manager", "AppUpdater.Manager\AppUpdater.Manager.csproj", "{F4851CF3-27ED-4565-B20B-108B34A96B15}"
EndProject
Global
	GlobalSection(SolutionConfigurationPlatforms) = preSolution
		Debug|Any CPU = Debug|Any CPU
		Release|Any CPU = Release|Any CPU
	EndGlobalSection
	GlobalSection(ProjectConfigurationPlatforms) = postSolution
		{F4851CF3-27ED-4565-B20B-108B34A96B15}.Debug|Any CPU.ActiveCfg = Debug|Any CPU
		{F4851CF3-27ED-4565-B20B-108B34A96B15}.Debug|Any CPU.Build.0 = Debug|Any CPU
		{F4851CF3-27ED-4565-B20B-108B34A96B15}.Release|Any CPU.ActiveCfg = Release|Any CPU
		{F4851CF3-27ED-4565-B20B-108B34A96B15}.Release|Any CPU.Build.0 = Release|Any CPU
	EndGlobalSection
	GlobalSection(SolutionProperties) = preSolution
		HideSolutionNode = FALSE
	EndGlobalSection
	GlobalSection(ExtensibilityGlobals) = postSolution
		SolutionGuid = {56348969-B550-43DB-9293-C2FF13E660AF}
	EndGlobalSection
EndGlobal
